# THIS IS AN AUTOGENERATED FILE. DO NOT EDIT THIS FILE DIRECTLY.
# yarn lockfile v1


is-wsl@^2.1.0:
  version "2.1.1"
  resolved "https://registry.yarnpkg.com/is-wsl/-/is-wsl-2.1.1.tgz#4a1c152d429df3d441669498e2486d3596ebaf1d"
  integrity sha512-umZHcSrwlDHo2TGMXv0DZ8dIUGunZ2Iv68YZnrmCiBPkZ4aaOhtv7pXJKeki9k3qJ3RJr0cDyitcl5wEH3AYog==

open@^7.0.0:
  version "7.0.0"
  resolved "https://registry.yarnpkg.com/open/-/open-7.0.0.tgz#7e52999b14eb73f90f0f0807fe93897c4ae73ec9"
  integrity sha512-K6EKzYqnwQzk+/dzJAQSBORub3xlBTxMz+ntpZpH/LyCa1o6KjXhuN+2npAaI9jaSmU3R1Q8NWf4KUWcyytGsQ==
  dependencies:
    is-wsl "^2.1.0"
